
Microsoft Visual Studio Solution File, Format Version 12.00
# Visual Studio Version 16
VisualStudioVersion = 16.0.30517.126
MinimumVisualStudioVersion = 10.0.40219.1
Project("{FAE04EC0-301F-11D3-BF4B-00C04F79EFBC}") = "StaffingCompany.Application.Web", "StaffingCompany\StaffingCompany.Application.Web.csproj", "{DDD22217-C3C4-4CB1-A4F8-E9F0B6572563}"
EndProject
Project("{FAE04EC0-301F-11D3-BF4B-00C04F79EFBC}") = "StaffingCompany.Application.DataAccess", "StaffingCompany.Application.DataAccess\StaffingCompany.Application.DataAccess.csproj", "{D0E51886-95C0-416B-BF96-9B776D96949B}"
EndProject
Project("{FAE04EC0-301F-11D3-BF4B-00C04F79EFBC}") = "StaffingCompany.Application.Model", "StaffingCompany.Application.Model\StaffingCompany.Application.Model.csproj", "{5724F413-BFC2-4000-A617-8940661D27F0}"
EndProject
Project("{FAE04EC0-301F-11D3-BF4B-00C04F79EFBC}") = "StaffingCompany.Application.Service", "StaffingCompany.Application.Service\StaffingCompany.Application.Service.csproj", "{FFDA5C16-B982-4D6F-B0DB-6908DEA8C392}"
EndProject
Project("{FAE04EC0-301F-11D3-BF4B-00C04F79EFBC}") = "StaffingCompany.Application.WebApi", "StaffingCompany.Application.WebApi\StaffingCompany.Application.WebApi.csproj", "{14754FF8-13AC-4C70-900B-102B92C0A49A}"
EndProject
Global
	GlobalSection(SolutionConfigurationPlatforms) = preSolution
		Debug|Any CPU = Debug|Any CPU
		Release|Any CPU = Release|Any CPU
	EndGlobalSection
	GlobalSection(ProjectConfigurationPlatforms) = postSolution
		{DDD22217-C3C4-4CB1-A4F8-E9F0B6572563}.Debug|Any CPU.ActiveCfg = Debug|Any CPU
		{DDD22217-C3C4-4CB1-A4F8-E9F0B6572563}.Debug|Any CPU.Build.0 = Debug|Any CPU
		{DDD22217-C3C4-4CB1-A4F8-E9F0B6572563}.Release|Any CPU.ActiveCfg = Release|Any CPU
		{DDD22217-C3C4-4CB1-A4F8-E9F0B6572563}.Release|Any CPU.Build.0 = Release|Any CPU
		{D0E51886-95C0-416B-BF96-9B776D96949B}.Debug|Any CPU.ActiveCfg = Debug|Any CPU
		{D0E51886-95C0-416B-BF96-9B776D96949B}.Debug|Any CPU.Build.0 = Debug|Any CPU
		{D0E51886-95C0-416B-BF96-9B776D96949B}.Release|Any CPU.ActiveCfg = Release|Any CPU
		{D0E51886-95C0-416B-BF96-9B776D96949B}.Release|Any CPU.Build.0 = Release|Any CPU
		{5724F413-BFC2-4000-A617-8940661D27F0}.Debug|Any CPU.ActiveCfg = Debug|Any CPU
		{5724F413-BFC2-4000-A617-8940661D27F0}.Debug|Any CPU.Build.0 = Debug|Any CPU
		{5724F413-BFC2-4000-A617-8940661D27F0}.Release|Any CPU.ActiveCfg = Release|Any CPU
		{5724F413-BFC2-4000-A617-8940661D27F0}.Release|Any CPU.Build.0 = Release|Any CPU
		{FFDA5C16-B982-4D6F-B0DB-6908DEA8C392}.Debug|Any CPU.ActiveCfg = Debug|Any CPU
		{FFDA5C16-B982-4D6F-B0DB-6908DEA8C392}.Debug|Any CPU.Build.0 = Debug|Any CPU
		{FFDA5C16-B982-4D6F-B0DB-6908DEA8C392}.Release|Any CPU.ActiveCfg = Release|Any CPU
		{FFDA5C16-B982-4D6F-B0DB-6908DEA8C392}.Release|Any CPU.Build.0 = Release|Any CPU
		{14754FF8-13AC-4C70-900B-102B92C0A49A}.Debug|Any CPU.ActiveCfg = Debug|Any CPU
		{14754FF8-13AC-4C70-900B-102B92C0A49A}.Debug|Any CPU.Build.0 = Debug|Any CPU
		{14754FF8-13AC-4C70-900B-102B92C0A49A}.Release|Any CPU.ActiveCfg = Release|Any CPU
		{14754FF8-13AC-4C70-900B-102B92C0A49A}.Release|Any CPU.Build.0 = Release|Any CPU
	EndGlobalSection
	GlobalSection(SolutionProperties) = preSolution
		HideSolutionNode = FALSE
	EndGlobalSection
	GlobalSection(ExtensibilityGlobals) = postSolution
		SolutionGuid = {A51227F6-F1F6-4B72-8D61-52F0237B503B}
	EndGlobalSection
EndGlobal
